<?xml version="1.0" encoding="utf-8"?>
<Project ToolsVersion="4.0" xmlns="http://schemas.microsoft.com/developer/msbuild/2003">
  <ItemGroup>
    <Filter Include="Source Files">
      <UniqueIdentifier>{4FC737F1-C7A5-4376-A066-2A32D752A2FF}</UniqueIdentifier>
      <Extensions>cpp;c;cc;cxx;def;odl;idl;hpj;bat;asm;asmx</Extensions>
    </Filter>
    <Filter Include="Header Files">
      <UniqueIdentifier>{93995380-89BD-4b04-88EB-625FBE52EBFB}</UniqueIdentifier>
      <Extensions>h;hh;hpp;hxx;hm;inl;inc;xsd</Extensions>
    </Filter>
    <Filter Include="Resource Files">
      <UniqueIdentifier>{67DA6AB6-F800-4c08-8B7A-83BB121AAD01}</UniqueIdentifier>
      <Extensions>rc;ico;cur;bmp;dlg;rc2;rct;bin;rgs;gif;jpg;jpeg;jpe;resx;tiff;tif;png;wav</Extensions>
    </Filter>
  </ItemGroup>
  <ItemGroup>
    <ClCompile Include="src\allocator.c">
      <Filter>Source Files</Filter>
    </ClCompile>
    <ClCompile Include="src\benchmark.c">
      <Filter>Source Files</Filter>
    </ClCompile>
    <ClCompile Include="src\bitreader.c">
      <Filter>Source Files</Filter>
    </ClCompile>
    <ClCompile Include="src\bitwriter.c">
      <Filter>Source Files</Filter>
    </ClCompile>
    <ClCompile Include="src\cfgrammar.c">
      <Filter>Source Files</Filter>
    </ClCompile>
    <ClCompile Include="src\datastructures.c">
      <Filter>Source Files</Filter>
    </ClCompile>
    <ClCompile Include="src\desugar.c">
      <Filter>Source Files</Filter>
    </ClCompile>
    <ClCompile Include="src\glue.c">
      <Filter>Source Files</Filter>
    </ClCompile>
    <ClCompile Include="src\hammer.c">
      <Filter>Source Files</Filter>
    </ClCompile>
    <ClCompile Include="src\pprint.c">
      <Filter>Source Files</Filter>
    </ClCompile>
    <ClCompile Include="src\registry.c">
      <Filter>Source Files</Filter>
    </ClCompile>
    <ClCompile Include="src\system_allocator.c">
      <Filter>Source Files</Filter>
    </ClCompile>
    <ClCompile Include="src\backends\glr.c">
      <Filter>Source Files</Filter>
    </ClCompile>
    <ClCompile Include="src\backends\lalr.c">
      <Filter>Source Files</Filter>
    </ClCompile>
    <ClCompile Include="src\backends\llk.c">
      <Filter>Source Files</Filter>
    </ClCompile>
    <ClCompile Include="src\backends\lr.c">
      <Filter>Source Files</Filter>
    </ClCompile>
    <ClCompile Include="src\backends\lr0.c">
      <Filter>Source Files</Filter>
    </ClCompile>
    <ClCompile Include="src\backends\packrat.c">
      <Filter>Source Files</Filter>
    </ClCompile>
    <ClCompile Include="src\backends\regex.c">
      <Filter>Source Files</Filter>
    </ClCompile>
    <ClCompile Include="src\parsers\action.c">
      <Filter>Source Files</Filter>
    </ClCompile>
    <ClCompile Include="src\parsers\and.c">
      <Filter>Source Files</Filter>
    </ClCompile>
    <ClCompile Include="src\parsers\attr_bool.c">
      <Filter>Source Files</Filter>
    </ClCompile>
    <ClCompile Include="src\parsers\bits.c">
      <Filter>Source Files</Filter>
    </ClCompile>
    <ClCompile Include="src\parsers\butnot.c">
      <Filter>Source Files</Filter>
    </ClCompile>
    <ClCompile Include="src\parsers\ch.c">
      <Filter>Source Files</Filter>
    </ClCompile>
    <ClCompile Include="src\parsers\charset.c">
      <Filter>Source Files</Filter>
    </ClCompile>
    <ClCompile Include="src\parsers\choice.c">
      <Filter>Source Files</Filter>
    </ClCompile>
    <ClCompile Include="src\parsers\difference.c">
      <Filter>Source Files</Filter>
    </ClCompile>
    <ClCompile Include="src\parsers\end.c">
      <Filter>Source Files</Filter>
    </ClCompile>
    <ClCompile Include="src\parsers\endianness.c">
      <Filter>Source Files</Filter>
    </ClCompile>
    <ClCompile Include="src\parsers\epsilon.c">
      <Filter>Source Files</Filter>
    </ClCompile>
    <ClCompile Include="src\parsers\ignore.c">
      <Filter>Source Files</Filter>
    </ClCompile>
    <ClCompile Include="src\parsers\ignoreseq.c">
      <Filter>Source Files</Filter>
    </ClCompile>
    <ClCompile Include="src\parsers\indirect.c">
      <Filter>Source Files</Filter>
    </ClCompile>
    <ClCompile Include="src\parsers\int_range.c">
      <Filter>Source Files</Filter>
    </ClCompile>
    <ClCompile Include="src\parsers\many.c">
      <Filter>Source Files</Filter>
    </ClCompile>
    <ClCompile Include="src\parsers\not.c">
      <Filter>Source Files</Filter>
    </ClCompile>
    <ClCompile Include="src\parsers\nothing.c">
      <Filter>Source Files</Filter>
    </ClCompile>
    <ClCompile Include="src\parsers\optional.c">
      <Filter>Source Files</Filter>
    </ClCompile>
    <ClCompile Include="src\parsers\permutation.c">
      <Filter>Source Files</Filter>
    </ClCompile>
    <ClCompile Include="src\parsers\sequence.c">
      <Filter>Source Files</Filter>
    </ClCompile>
    <ClCompile Include="src\parsers\token.c">
      <Filter>Source Files</Filter>
    </ClCompile>
    <ClCompile Include="src\parsers\unimplemented.c">
      <Filter>Source Files</Filter>
    </ClCompile>
    <ClCompile Include="src\parsers\value.c">
      <Filter>Source Files</Filter>
    </ClCompile>
    <ClCompile Include="src\parsers\whitespace.c">
      <Filter>Source Files</Filter>
    </ClCompile>
    <ClCompile Include="src\parsers\xor.c">
      <Filter>Source Files</Filter>
    </ClCompile>
    <ClCompile Include="src\msvc\tsearch.c">
      <Filter>Source Files</Filter>
    </ClCompile>
  </ItemGroup>
  <ItemGroup>
    <ClInclude Include="examples\dns.h">
      <Filter>Header Files</Filter>
    </ClInclude>
    <ClInclude Include="examples\dns_common.h">
      <Filter>Header Files</Filter>
    </ClInclude>
    <ClInclude Include="jni\jhammer.h">
      <Filter>Header Files</Filter>
    </ClInclude>
    <ClInclude Include="src\allocator.h">
      <Filter>Header Files</Filter>
    </ClInclude>
    <ClInclude Include="src\cfgrammar.h">
      <Filter>Header Files</Filter>
    </ClInclude>
    <ClInclude Include="src\glue.h">
      <Filter>Header Files</Filter>
    </ClInclude>
    <ClInclude Include="src\hammer.h">
      <Filter>Header Files</Filter>
    </ClInclude>
    <ClInclude Include="src\internal.h">
      <Filter>Header Files</Filter>
    </ClInclude>
    <ClInclude Include="src\test_suite.h">
      <Filter>Header Files</Filter>
    </ClInclude>
    <ClInclude Include="src\backends\contextfree.h">
      <Filter>Header Files</Filter>
    </ClInclude>
    <ClInclude Include="src\backends\lr.h">
      <Filter>Header Files</Filter>
    </ClInclude>
    <ClInclude Include="src\backends\regex.h">
      <Filter>Header Files</Filter>
    </ClInclude>
    <ClInclude Include="src\bindings\cpp\hammer\hammer.hpp">
      <Filter>Header Files</Filter>
    </ClInclude>
    <ClInclude Include="src\bindings\cpp\hammer\hammer_test.hpp">
      <Filter>Header Files</Filter>
    </ClInclude>
    <ClInclude Include="src\parsers\parser_internal.h">
      <Filter>Header Files</Filter>
    </ClInclude>
    <ClInclude Include="src\msvc\tsearch.h">
      <Filter>Header Files</Filter>
    </ClInclude>
  </ItemGroup>
  <ItemGroup>
    <None Include="hammer.def">
      <Filter>Source Files</Filter>
    </None>
  </ItemGroup>
</Project>